{
  "name": "ecommerce-app",
  "lockfileVersion": 3,
  "requires": true,
  "packages": {
    "": {
      "name": "ecommerce-app",
      "dependencies": {
        "react": "...",
        "vite": "..."
      }
    },
    "...": {},
    "node_modules/react": {
      "resolved": "...",
      "link": true
    },
    "node_modules/vite": {
      "resolved": "...",
      "link": true
    }
  }
}
